{
  "version": 4,
  "terraform_version": "0.12.21",
  "serial": 22,
  "lineage": "4f32de20-7e2d-6df1-e27c-c164c112195f",
  "outputs": {},
  "resources": [
    {
      "mode": "data",
      "type": "digitalocean_ssh_key",
      "name": "malikiah",
      "provider": "provider.digitalocean",
      "instances": [
        {
          "schema_version": 0,
          "attributes": {
            "fingerprint": "05:ea:d9:de:d0:26:e0:3a:22:da:58:d6:1b:de:ef:aa",
            "id": "26681624",
            "name": "malikiah",
            "public_key": "ssh-rsa AAAAB3NzaC1yc2EAAAADAQABAAACAQC23V501EGqEiOv9PKi74QZIY6nMFzDaiLJs/YXIc8+IxqnjF73ZlyMBCLME4kzHq1Hnea0QHuxWP3qNgcFHF64WW0j4ClCg2qYDlrTzvjuk+qY3uRGURsMCYwl3rU+6nSBn21S+bF0iIsHqufvfDbdyvZyZbkmLAl/rh+w/qkykp/8Vnf8GhLEjvQwIed+xQzctTw90MW4BLJlbJmLSG2QYI00N8wAPYhNr0aj5t/nvwf60pJo3rbpCFc8janaoZ6AZlZ0Z3gVM5ceoZW5u5JOYpx7SGfOjFj8VKkLNZG40BkndyyaMoE6j+ZTEQO7AiBpS3jFQudwDJXeXD3hGfqafRfNmMhXz7ycXsgHcQtEGI94AulbbINLZYph/69o8sl39/ze9K7GlpeGONW7kyUrQEs/fNkdHtdQ6FutLNPLLmfErGzU9BYjMZMsSkMNhHQyXmPhYyqKNQIdhFTNPJL0VEQTXjzG+LrshXc7iSQwV4/dUutCSSutJC+UoYh5wNzp4ozegHjlMJmGWlOJm5e/iWZBwnnjL2z2rNhB0xAV2u2fWd8CaU2mUlQyXYQhiNkWyQmTngp0LyNywp4aVx5P/4XQXAERhlP1EOoXPCO3mHZszwUegYXAhj/qQqb65SwPkkUmv3Eg0mw1kIsP+p4l+0Axx00y47khOS9zVDEAGQ=="
          }
        }
      ]
    },
    {
      "mode": "data",
      "type": "template_file",
      "name": "inventory",
      "provider": "provider.template",
      "instances": [
        {
          "schema_version": 0,
          "attributes": {
            "filename": null,
            "id": "cfb8998a0118c078f5bfaf17a5e39f45a692287f0c65ec7728533306bd4cc17b",
            "rendered": "[all:vars]\nansible_user = root\nansible_ssh_private_key_file = ~/.ssh/id_rsa\ndomain = consul.malikiah.io\nport = 8080\n\n[nodes]\n138.68.50.157\nconsul_s = 138.197.204.23\nconsul_s = 138.68.5.94",
            "template": "[all:vars]\nansible_user = ${ssh_user}\nansible_ssh_private_key_file = ${ssh_key}\ndomain = ${domain}\nport = ${service-port}\n\n[nodes]\n${consul_nodes}",
            "vars": {
              "consul_nodes": "138.68.50.157\nconsul_s = 138.197.204.23\nconsul_s = 138.68.5.94",
              "domain": "consul.malikiah.io",
              "service-port": "8080",
              "ssh_key": "~/.ssh/id_rsa",
              "ssh_user": "root"
            }
          }
        }
      ]
    },
    {
      "mode": "managed",
      "type": "digitalocean_droplet",
      "name": "consul",
      "each": "list",
      "provider": "provider.digitalocean",
      "instances": [
        {
          "index_key": 0,
          "schema_version": 1,
          "attributes": {
            "backups": false,
            "created_at": "2020-03-09T23:05:13Z",
            "disk": 50,
            "id": "183992645",
            "image": "centos-8-x64",
            "ipv4_address": "138.68.50.157",
            "ipv4_address_private": "10.138.138.33",
            "ipv6": false,
            "ipv6_address": "",
            "ipv6_address_private": null,
            "locked": false,
            "memory": 2048,
            "monitoring": false,
            "name": "sfo2-consul-s01",
            "price_hourly": 0.01488,
            "price_monthly": 10,
            "private_networking": true,
            "region": "sfo2",
            "resize_disk": true,
            "size": "s-1vcpu-2gb",
            "ssh_keys": [
              "26681624"
            ],
            "status": "active",
            "tags": [
              "centos-8-x64",
              "consul"
            ],
            "urn": "do:droplet:183992645",
            "user_data": null,
            "vcpus": 1,
            "volume_ids": []
          },
          "private": "eyJzY2hlbWFfdmVyc2lvbiI6IjEifQ=="
        },
        {
          "index_key": 1,
          "schema_version": 1,
          "attributes": {
            "backups": false,
            "created_at": "2020-03-09T23:05:13Z",
            "disk": 50,
            "id": "183992642",
            "image": "centos-8-x64",
            "ipv4_address": "138.197.204.23",
            "ipv4_address_private": "10.138.238.43",
            "ipv6": false,
            "ipv6_address": "",
            "ipv6_address_private": null,
            "locked": false,
            "memory": 2048,
            "monitoring": false,
            "name": "sfo2-consul-s02",
            "price_hourly": 0.01488,
            "price_monthly": 10,
            "private_networking": true,
            "region": "sfo2",
            "resize_disk": true,
            "size": "s-1vcpu-2gb",
            "ssh_keys": [
              "26681624"
            ],
            "status": "active",
            "tags": [
              "centos-8-x64",
              "consul"
            ],
            "urn": "do:droplet:183992642",
            "user_data": null,
            "vcpus": 1,
            "volume_ids": []
          },
          "private": "eyJzY2hlbWFfdmVyc2lvbiI6IjEifQ=="
        },
        {
          "index_key": 2,
          "schema_version": 1,
          "attributes": {
            "backups": false,
            "created_at": "2020-03-09T23:05:13Z",
            "disk": 50,
            "id": "183992644",
            "image": "centos-8-x64",
            "ipv4_address": "138.68.5.94",
            "ipv4_address_private": "10.138.146.3",
            "ipv6": false,
            "ipv6_address": "",
            "ipv6_address_private": null,
            "locked": false,
            "memory": 2048,
            "monitoring": false,
            "name": "sfo2-consul-s03",
            "price_hourly": 0.01488,
            "price_monthly": 10,
            "private_networking": true,
            "region": "sfo2",
            "resize_disk": true,
            "size": "s-1vcpu-2gb",
            "ssh_keys": [
              "26681624"
            ],
            "status": "active",
            "tags": [
              "centos-8-x64",
              "consul"
            ],
            "urn": "do:droplet:183992644",
            "user_data": null,
            "vcpus": 1,
            "volume_ids": []
          },
          "private": "eyJzY2hlbWFfdmVyc2lvbiI6IjEifQ=="
        }
      ]
    },
    {
      "mode": "managed",
      "type": "null_resource",
      "name": "cmd",
      "provider": "provider.null",
      "instances": [
        {
          "schema_version": 0,
          "attributes": {
            "id": "7763261686193917963",
            "triggers": {
              "template_rendered": "[all:vars]\nansible_user = root\nansible_ssh_private_key_file = ~/.ssh/id_rsa\ndomain = consul.malikiah.io\nport = 8080\n\n[nodes]\n138.68.50.157\nconsul_s = 138.197.204.23\nconsul_s = 138.68.5.94"
            }
          },
          "private": "bnVsbA==",
          "dependencies": [
            "digitalocean_droplet.consul"
          ]
        }
      ]
    }
  ]
}
